
Microsoft Visual Studio Solution File, Format Version 12.00
# Visual Studio Version 17
VisualStudioVersion = 17.13.35806.99
MinimumVisualStudioVersion = 10.0.40219.1
Project("{FAE04EC0-301F-11D3-BF4B-00C04F79EFBC}") = "APIdeTestes", "APIdeTestes\APIdeTestes.csproj", "{06C84B2D-D2E8-4135-9CD7-C9C8F2EAF936}"
EndProject
Project("{FAE04EC0-301F-11D3-BF4B-00C04F79EFBC}") = "TestesAPI", "TestesAPI\TestesAPI.csproj", "{03AC1790-3E93-4798-93D2-C1477D1B2AC6}"
	ProjectSection(ProjectDependencies) = postProject
		{06C84B2D-D2E8-4135-9CD7-C9C8F2EAF936} = {06C84B2D-D2E8-4135-9CD7-C9C8F2EAF936}
	EndProjectSection
EndProject
Global
	GlobalSection(SolutionConfigurationPlatforms) = preSolution
		Debug|Any CPU = Debug|Any CPU
		Release|Any CPU = Release|Any CPU
	EndGlobalSection
	GlobalSection(ProjectConfigurationPlatforms) = postSolution
		{06C84B2D-D2E8-4135-9CD7-C9C8F2EAF936}.Debug|Any CPU.ActiveCfg = Debug|Any CPU
		{06C84B2D-D2E8-4135-9CD7-C9C8F2EAF936}.Debug|Any CPU.Build.0 = Debug|Any CPU
		{06C84B2D-D2E8-4135-9CD7-C9C8F2EAF936}.Release|Any CPU.ActiveCfg = Release|Any CPU
		{06C84B2D-D2E8-4135-9CD7-C9C8F2EAF936}.Release|Any CPU.Build.0 = Release|Any CPU
		{03AC1790-3E93-4798-93D2-C1477D1B2AC6}.Debug|Any CPU.ActiveCfg = Debug|Any CPU
		{03AC1790-3E93-4798-93D2-C1477D1B2AC6}.Debug|Any CPU.Build.0 = Debug|Any CPU
		{03AC1790-3E93-4798-93D2-C1477D1B2AC6}.Release|Any CPU.ActiveCfg = Release|Any CPU
		{03AC1790-3E93-4798-93D2-C1477D1B2AC6}.Release|Any CPU.Build.0 = Release|Any CPU
	EndGlobalSection
	GlobalSection(SolutionProperties) = preSolution
		HideSolutionNode = FALSE
	EndGlobalSection
	GlobalSection(ExtensibilityGlobals) = postSolution
		SolutionGuid = {AFEE48FF-7A00-44A6-B63E-D8AFB0C98A7C}
	EndGlobalSection
EndGlobal
